
Microsoft Visual Studio Solution File, Format Version 12.00
# Visual Studio Version 16
VisualStudioVersion = 16.0.31613.86
MinimumVisualStudioVersion = 10.0.40219.1
Project("{FAE04EC0-301F-11D3-BF4B-00C04F79EFBC}") = "MvvmGuia.Android", "MvvmGuia.Android\MvvmGuia.Android.csproj", "{F8BBA309-8ED2-40CB-84C6-B83FFB6D79FF}"
EndProject
Project("{FAE04EC0-301F-11D3-BF4B-00C04F79EFBC}") = "MvvmGuia.iOS", "MvvmGuia.iOS\MvvmGuia.iOS.csproj", "{4636D22A-1394-4CA0-9C19-A05B35BDFE5D}"
EndProject
Project("{FAE04EC0-301F-11D3-BF4B-00C04F79EFBC}") = "MvvmGuia", "MvvmGuia\MvvmGuia.csproj", "{C9270459-39E4-4047-9974-784B031417E9}"
EndProject
Global
	GlobalSection(SolutionConfigurationPlatforms) = preSolution
		Debug|Any CPU = Debug|Any CPU
		Debug|iPhone = Debug|iPhone
		Debug|iPhoneSimulator = Debug|iPhoneSimulator
		Release|Any CPU = Release|Any CPU
		Release|iPhone = Release|iPhone
		Release|iPhoneSimulator = Release|iPhoneSimulator
	EndGlobalSection
	GlobalSection(ProjectConfigurationPlatforms) = postSolution
		{F8BBA309-8ED2-40CB-84C6-B83FFB6D79FF}.Debug|Any CPU.ActiveCfg = Debug|Any CPU
		{F8BBA309-8ED2-40CB-84C6-B83FFB6D79FF}.Debug|Any CPU.Build.0 = Debug|Any CPU
		{F8BBA309-8ED2-40CB-84C6-B83FFB6D79FF}.Debug|Any CPU.Deploy.0 = Debug|Any CPU
		{F8BBA309-8ED2-40CB-84C6-B83FFB6D79FF}.Debug|iPhone.ActiveCfg = Debug|Any CPU
		{F8BBA309-8ED2-40CB-84C6-B83FFB6D79FF}.Debug|iPhone.Build.0 = Debug|Any CPU
		{F8BBA309-8ED2-40CB-84C6-B83FFB6D79FF}.Debug|iPhone.Deploy.0 = Debug|Any CPU
		{F8BBA309-8ED2-40CB-84C6-B83FFB6D79FF}.Debug|iPhoneSimulator.ActiveCfg = Debug|Any CPU
		{F8BBA309-8ED2-40CB-84C6-B83FFB6D79FF}.Debug|iPhoneSimulator.Build.0 = Debug|Any CPU
		{F8BBA309-8ED2-40CB-84C6-B83FFB6D79FF}.Debug|iPhoneSimulator.Deploy.0 = Debug|Any CPU
		{F8BBA309-8ED2-40CB-84C6-B83FFB6D79FF}.Release|Any CPU.ActiveCfg = Release|Any CPU
		{F8BBA309-8ED2-40CB-84C6-B83FFB6D79FF}.Release|Any CPU.Build.0 = Release|Any CPU
		{F8BBA309-8ED2-40CB-84C6-B83FFB6D79FF}.Release|Any CPU.Deploy.0 = Release|Any CPU
		{F8BBA309-8ED2-40CB-84C6-B83FFB6D79FF}.Release|iPhone.ActiveCfg = Release|Any CPU
		{F8BBA309-8ED2-40CB-84C6-B83FFB6D79FF}.Release|iPhone.Build.0 = Release|Any CPU
		{F8BBA309-8ED2-40CB-84C6-B83FFB6D79FF}.Release|iPhone.Deploy.0 = Release|Any CPU
		{F8BBA309-8ED2-40CB-84C6-B83FFB6D79FF}.Release|iPhoneSimulator.ActiveCfg = Release|Any CPU
		{F8BBA309-8ED2-40CB-84C6-B83FFB6D79FF}.Release|iPhoneSimulator.Build.0 = Release|Any CPU
		{F8BBA309-8ED2-40CB-84C6-B83FFB6D79FF}.Release|iPhoneSimulator.Deploy.0 = Release|Any CPU
		{4636D22A-1394-4CA0-9C19-A05B35BDFE5D}.Debug|Any CPU.ActiveCfg = Debug|iPhone
		{4636D22A-1394-4CA0-9C19-A05B35BDFE5D}.Debug|Any CPU.Build.0 = Debug|iPhone
		{4636D22A-1394-4CA0-9C19-A05B35BDFE5D}.Debug|Any CPU.Deploy.0 = Debug|iPhone
		{4636D22A-1394-4CA0-9C19-A05B35BDFE5D}.Debug|iPhone.ActiveCfg = Debug|iPhone
		{4636D22A-1394-4CA0-9C19-A05B35BDFE5D}.Debug|iPhone.Build.0 = Debug|iPhone
		{4636D22A-1394-4CA0-9C19-A05B35BDFE5D}.Debug|iPhone.Deploy.0 = Debug|iPhone
		{4636D22A-1394-4CA0-9C19-A05B35BDFE5D}.Debug|iPhoneSimulator.ActiveCfg = Debug|iPhoneSimulator
		{4636D22A-1394-4CA0-9C19-A05B35BDFE5D}.Debug|iPhoneSimulator.Build.0 = Debug|iPhoneSimulator
		{4636D22A-1394-4CA0-9C19-A05B35BDFE5D}.Debug|iPhoneSimulator.Deploy.0 = Debug|iPhoneSimulator
		{4636D22A-1394-4CA0-9C19-A05B35BDFE5D}.Release|Any CPU.ActiveCfg = Release|iPhoneSimulator
		{4636D22A-1394-4CA0-9C19-A05B35BDFE5D}.Release|Any CPU.Build.0 = Release|iPhoneSimulator
		{4636D22A-1394-4CA0-9C19-A05B35BDFE5D}.Release|Any CPU.Deploy.0 = Release|iPhoneSimulator
		{4636D22A-1394-4CA0-9C19-A05B35BDFE5D}.Release|iPhone.ActiveCfg = Release|iPhone
		{4636D22A-1394-4CA0-9C19-A05B35BDFE5D}.Release|iPhone.Build.0 = Release|iPhone
		{4636D22A-1394-4CA0-9C19-A05B35BDFE5D}.Release|iPhone.Deploy.0 = Release|iPhone
		{4636D22A-1394-4CA0-9C19-A05B35BDFE5D}.Release|iPhoneSimulator.ActiveCfg = Release|iPhoneSimulator
		{4636D22A-1394-4CA0-9C19-A05B35BDFE5D}.Release|iPhoneSimulator.Build.0 = Release|iPhoneSimulator
		{4636D22A-1394-4CA0-9C19-A05B35BDFE5D}.Release|iPhoneSimulator.Deploy.0 = Release|iPhoneSimulator
		{C9270459-39E4-4047-9974-784B031417E9}.Debug|Any CPU.ActiveCfg = Debug|Any CPU
		{C9270459-39E4-4047-9974-784B031417E9}.Debug|Any CPU.Build.0 = Debug|Any CPU
		{C9270459-39E4-4047-9974-784B031417E9}.Debug|Any CPU.Deploy.0 = Debug|Any CPU
		{C9270459-39E4-4047-9974-784B031417E9}.Debug|iPhone.ActiveCfg = Debug|Any CPU
		{C9270459-39E4-4047-9974-784B031417E9}.Debug|iPhone.Build.0 = Debug|Any CPU
		{C9270459-39E4-4047-9974-784B031417E9}.Debug|iPhone.Deploy.0 = Debug|Any CPU
		{C9270459-39E4-4047-9974-784B031417E9}.Debug|iPhoneSimulator.ActiveCfg = Debug|Any CPU
		{C9270459-39E4-4047-9974-784B031417E9}.Debug|iPhoneSimulator.Build.0 = Debug|Any CPU
		{C9270459-39E4-4047-9974-784B031417E9}.Debug|iPhoneSimulator.Deploy.0 = Debug|Any CPU
		{C9270459-39E4-4047-9974-784B031417E9}.Release|Any CPU.ActiveCfg = Release|Any CPU
		{C9270459-39E4-4047-9974-784B031417E9}.Release|Any CPU.Build.0 = Release|Any CPU
		{C9270459-39E4-4047-9974-784B031417E9}.Release|Any CPU.Deploy.0 = Release|Any CPU
		{C9270459-39E4-4047-9974-784B031417E9}.Release|iPhone.ActiveCfg = Release|Any CPU
		{C9270459-39E4-4047-9974-784B031417E9}.Release|iPhone.Build.0 = Release|Any CPU
		{C9270459-39E4-4047-9974-784B031417E9}.Release|iPhone.Deploy.0 = Release|Any CPU
		{C9270459-39E4-4047-9974-784B031417E9}.Release|iPhoneSimulator.ActiveCfg = Release|Any CPU
		{C9270459-39E4-4047-9974-784B031417E9}.Release|iPhoneSimulator.Build.0 = Release|Any CPU
		{C9270459-39E4-4047-9974-784B031417E9}.Release|iPhoneSimulator.Deploy.0 = Release|Any CPU
	EndGlobalSection
	GlobalSection(SolutionProperties) = preSolution
		HideSolutionNode = FALSE
	EndGlobalSection
	GlobalSection(ExtensibilityGlobals) = postSolution
		SolutionGuid = {B228C421-3448-41FA-BF62-7F95DFD080FE}
	EndGlobalSection
EndGlobal
